
Microsoft Visual Studio Solution File, Format Version 12.00
# Visual Studio Version 17
VisualStudioVersion = 17.4.33103.184
MinimumVisualStudioVersion = 10.0.40219.1
Project("{8BC9CEB8-8B4A-11D0-8D11-00A0C91BC942}") = "Raycasting Game", "Raycasting Game\Raycasting Game.vcxproj", "{2B469E8F-B96F-4285-90BA-5ADD34286403}"
EndProject
Global
	GlobalSection(SolutionConfigurationPlatforms) = preSolution
		Debug|x64 = Debug|x64
		Debug|x86 = Debug|x86
		Release|x64 = Release|x64
		Release|x86 = Release|x86
	EndGlobalSection
	GlobalSection(ProjectConfigurationPlatforms) = postSolution
		{2B469E8F-B96F-4285-90BA-5ADD34286403}.Debug|x64.ActiveCfg = Debug|x64
		{2B469E8F-B96F-4285-90BA-5ADD34286403}.Debug|x64.Build.0 = Debug|x64
		{2B469E8F-B96F-4285-90BA-5ADD34286403}.Debug|x86.ActiveCfg = Debug|Win32
		{2B469E8F-B96F-4285-90BA-5ADD34286403}.Debug|x86.Build.0 = Debug|Win32
		{2B469E8F-B96F-4285-90BA-5ADD34286403}.Release|x64.ActiveCfg = Release|x64
		{2B469E8F-B96F-4285-90BA-5ADD34286403}.Release|x64.Build.0 = Release|x64
		{2B469E8F-B96F-4285-90BA-5ADD34286403}.Release|x86.ActiveCfg = Release|Win32
		{2B469E8F-B96F-4285-90BA-5ADD34286403}.Release|x86.Build.0 = Release|Win32
	EndGlobalSection
	GlobalSection(SolutionProperties) = preSolution
		HideSolutionNode = FALSE
	EndGlobalSection
	GlobalSection(ExtensibilityGlobals) = postSolution
		SolutionGuid = {E07B1850-8A00-46A0-9111-0FBB6DB06900}
	EndGlobalSection
EndGlobal
